// !$*UTF8*$!
{
	archiveVersion = 1;
	classes = {
	};
	objectVersion = 51;
	objects = {

/* Begin PBXBuildFile section */
		9A2174E527E68222008F81E1 /* HomeVM.swift in Sources */ = {isa = PBXBuildFile; fileRef = 9A2174E427E68222008F81E1 /* HomeVM.swift */; };
		9A2174E727E69CEE008F81E1 /* DataModel.swift in Sources */ = {isa = PBXBuildFile; fileRef = 9A2174E627E69CEE008F81E1 /* DataModel.swift */; };
		9A2174E927E796A1008F81E1 /* RemoteConection.swift in Sources */ = {isa = PBXBuildFile; fileRef = 9A2174E827E796A1008F81E1 /* RemoteConection.swift */; };
		9A62D9ED27E66BC400A83223 /* MeowMeowVM.swift in Sources */ = {isa = PBXBuildFile; fileRef = 9A62D9EC27E66BC400A83223 /* MeowMeowVM.swift */; };
		9A81E7B727E655230059EEB8 /* HomeVC.swift in Sources */ = {isa = PBXBuildFile; fileRef = 9A81E7B527E655230059EEB8 /* HomeVC.swift */; };
		9A81E7BA27E655420059EEB8 /* Home.storyboard in Resources */ = {isa = PBXBuildFile; fileRef = 9A81E7B927E655420059EEB8 /* Home.storyboard */; };
		9AFC0CAD27E6678900A841DA /* BreedsModel.swift in Sources */ = {isa = PBXBuildFile; fileRef = 9AFC0CAC27E6678900A841DA /* BreedsModel.swift */; };
		B30E98BE27E39DAB0021BE80 /* UserDefaultManager.swift in Sources */ = {isa = PBXBuildFile; fileRef = B30E98BD27E39DAB0021BE80 /* UserDefaultManager.swift */; };
		B32401C826BA19D800102998 /* AppDelegate.swift in Sources */ = {isa = PBXBuildFile; fileRef = B32401C726BA19D800102998 /* AppDelegate.swift */; };
		B32401CA26BA19D800102998 /* SceneDelegate.swift in Sources */ = {isa = PBXBuildFile; fileRef = B32401C926BA19D800102998 /* SceneDelegate.swift */; };
		B32401D126BA19DA00102998 /* Assets.xcassets in Resources */ = {isa = PBXBuildFile; fileRef = B32401D026BA19DA00102998 /* Assets.xcassets */; };
		B32401D426BA19DA00102998 /* LaunchScreen.storyboard in Resources */ = {isa = PBXBuildFile; fileRef = B32401D226BA19DA00102998 /* LaunchScreen.storyboard */; };
		B3387C2D27E2508700C6C6F2 /* NetworkError.swift in Sources */ = {isa = PBXBuildFile; fileRef = B3387C2C27E2508700C6C6F2 /* NetworkError.swift */; };
		B341297226C2331D000A1ED2 /* Extensions.swift in Sources */ = {isa = PBXBuildFile; fileRef = B341297126C2331D000A1ED2 /* Extensions.swift */; };
		B3445952986B70F749C59079 /* Pods_MeowMeow.framework in Frameworks */ = {isa = PBXBuildFile; fileRef = 72CE4498139C45CBE13B0527 /* Pods_MeowMeow.framework */; };
		B35B5FB626BB8FC80067C8DA /* Networking.swift in Sources */ = {isa = PBXBuildFile; fileRef = B35B5FB526BB8FC80067C8DA /* Networking.swift */; };
		B36C566A26BD9EFA00594EED /* SQLiteLocalStorage.swift in Sources */ = {isa = PBXBuildFile; fileRef = B36C566926BD9EFA00594EED /* SQLiteLocalStorage.swift */; };
		B36C566C26BDA0D100594EED /* Identifiers.swift in Sources */ = {isa = PBXBuildFile; fileRef = B36C566B26BDA0D100594EED /* Identifiers.swift */; };
		B36C566E26BDC4B800594EED /* MeowMeow.storyboard in Resources */ = {isa = PBXBuildFile; fileRef = B36C566D26BDC4B800594EED /* MeowMeow.storyboard */; };
		B36C567026BDC4C500594EED /* MeowMeowVC.swift in Sources */ = {isa = PBXBuildFile; fileRef = B36C566F26BDC4C500594EED /* MeowMeowVC.swift */; };
		B3AA50A627E2835600E70731 /* CatDataCell.swift in Sources */ = {isa = PBXBuildFile; fileRef = B3AA50A427E2835600E70731 /* CatDataCell.swift */; };
		B3AA50A727E2835600E70731 /* CatDataCell.xib in Resources */ = {isa = PBXBuildFile; fileRef = B3AA50A527E2835600E70731 /* CatDataCell.xib */; };
		B3AA50AB27E296A300E70731 /* DependencyErrors.swift in Sources */ = {isa = PBXBuildFile; fileRef = B3AA50AA27E296A300E70731 /* DependencyErrors.swift */; };
		B3AA50AE27E296E200E70731 /* StorageError.swift in Sources */ = {isa = PBXBuildFile; fileRef = B3AA50AD27E296E200E70731 /* StorageError.swift */; };
		B3AA50B427E29FE100E70731 /* UserInformationModel.swift in Sources */ = {isa = PBXBuildFile; fileRef = B3AA50B327E29FE100E70731 /* UserInformationModel.swift */; };
		B3AA50B627E2A91100E70731 /* DetailItem.storyboard in Resources */ = {isa = PBXBuildFile; fileRef = B3AA50B527E2A91100E70731 /* DetailItem.storyboard */; };
		B3BA362D26C3868600C6E7C7 /* DetailItemVC.swift in Sources */ = {isa = PBXBuildFile; fileRef = B3BA362B26C3868600C6E7C7 /* DetailItemVC.swift */; };
		B3C9A18227E1461200DA4EAF /* NetworkResources.swift in Sources */ = {isa = PBXBuildFile; fileRef = B3C9A18127E1461200DA4EAF /* NetworkResources.swift */; };
		B3C9A18427E146B600DA4EAF /* Colors.swift in Sources */ = {isa = PBXBuildFile; fileRef = B3C9A18327E146B600DA4EAF /* Colors.swift */; };
		B3DE07C026EFDD2800EAE863 /* DetaiItemVM.swift in Sources */ = {isa = PBXBuildFile; fileRef = B3DE07BF26EFDD2800EAE863 /* DetaiItemVM.swift */; };
		E664A0C5FD54B8EFB328B595 /* Pods_MeowMeowTests.framework in Frameworks */ = {isa = PBXBuildFile; fileRef = CA20929AA6358044ECBFA5C1 /* Pods_MeowMeowTests.framework */; };
/* End PBXBuildFile section */

/* Begin PBXContainerItemProxy section */
		B320BD5F26F1A2CC00421D2B /* PBXContainerItemProxy */ = {
			isa = PBXContainerItemProxy;
			containerPortal = B32401BC26BA19D800102998 /* Project object */;
			proxyType = 1;
			remoteGlobalIDString = B32401C326BA19D800102998;
			remoteInfo = MeowMeow;
		};
/* End PBXContainerItemProxy section */

/* Begin PBXFileReference section */
		11E76126F392D82B530E77C8 /* Pods-MeowMeowTests.release.xcconfig */ = {isa = PBXFileReference; includeInIndex = 1; lastKnownFileType = text.xcconfig; name = "Pods-MeowMeowTests.release.xcconfig"; path = "Target Support Files/Pods-MeowMeowTests/Pods-MeowMeowTests.release.xcconfig"; sourceTree = "<group>"; };
		72CE4498139C45CBE13B0527 /* Pods_MeowMeow.framework */ = {isa = PBXFileReference; explicitFileType = wrapper.framework; includeInIndex = 0; path = Pods_MeowMeow.framework; sourceTree = BUILT_PRODUCTS_DIR; };
		785CDAC149232E46A28ABA86 /* Pods-MeowMeowTests.debug.xcconfig */ = {isa = PBXFileReference; includeInIndex = 1; lastKnownFileType = text.xcconfig; name = "Pods-MeowMeowTests.debug.xcconfig"; path = "Target Support Files/Pods-MeowMeowTests/Pods-MeowMeowTests.debug.xcconfig"; sourceTree = "<group>"; };
		9A2174E427E68222008F81E1 /* HomeVM.swift */ = {isa = PBXFileReference; lastKnownFileType = sourcecode.swift; path = HomeVM.swift; sourceTree = "<group>"; };
		9A2174E627E69CEE008F81E1 /* DataModel.swift */ = {isa = PBXFileReference; lastKnownFileType = sourcecode.swift; path = DataModel.swift; sourceTree = "<group>"; };
		9A2174E827E796A1008F81E1 /* RemoteConection.swift */ = {isa = PBXFileReference; fileEncoding = 4; lastKnownFileType = sourcecode.swift; path = RemoteConection.swift; sourceTree = "<group>"; };
		9A62D9EC27E66BC400A83223 /* MeowMeowVM.swift */ = {isa = PBXFileReference; lastKnownFileType = sourcecode.swift; name = MeowMeowVM.swift; path = "MeowMeow/View Model/MeowMeow/MeowMeowVM.swift"; sourceTree = SOURCE_ROOT; };
		9A81E7B527E655230059EEB8 /* HomeVC.swift */ = {isa = PBXFileReference; lastKnownFileType = sourcecode.swift; path = HomeVC.swift; sourceTree = "<group>"; };
		9A81E7B927E655420059EEB8 /* Home.storyboard */ = {isa = PBXFileReference; lastKnownFileType = file.storyboard; path = Home.storyboard; sourceTree = "<group>"; };
		9AFC0CAC27E6678900A841DA /* BreedsModel.swift */ = {isa = PBXFileReference; lastKnownFileType = sourcecode.swift; path = BreedsModel.swift; sourceTree = "<group>"; };
		A610132C8CC4CB8207D74987 /* Pods-MeowMeow.release.xcconfig */ = {isa = PBXFileReference; includeInIndex = 1; lastKnownFileType = text.xcconfig; name = "Pods-MeowMeow.release.xcconfig"; path = "Target Support Files/Pods-MeowMeow/Pods-MeowMeow.release.xcconfig"; sourceTree = "<group>"; };
		B30E98BD27E39DAB0021BE80 /* UserDefaultManager.swift */ = {isa = PBXFileReference; lastKnownFileType = sourcecode.swift; path = UserDefaultManager.swift; sourceTree = "<group>"; };
		B320BD5A26F1A2CC00421D2B /* MeowMeowTests.xctest */ = {isa = PBXFileReference; explicitFileType = wrapper.cfbundle; includeInIndex = 0; path = MeowMeowTests.xctest; sourceTree = BUILT_PRODUCTS_DIR; };
		B32401C426BA19D800102998 /* MeowMeow.app */ = {isa = PBXFileReference; explicitFileType = wrapper.application; includeInIndex = 0; path = MeowMeow.app; sourceTree = BUILT_PRODUCTS_DIR; };
		B32401C726BA19D800102998 /* AppDelegate.swift */ = {isa = PBXFileReference; lastKnownFileType = sourcecode.swift; path = AppDelegate.swift; sourceTree = "<group>"; };
		B32401C926BA19D800102998 /* SceneDelegate.swift */ = {isa = PBXFileReference; lastKnownFileType = sourcecode.swift; path = SceneDelegate.swift; sourceTree = "<group>"; };
		B32401D026BA19DA00102998 /* Assets.xcassets */ = {isa = PBXFileReference; lastKnownFileType = folder.assetcatalog; path = Assets.xcassets; sourceTree = "<group>"; };
		B32401D326BA19DA00102998 /* Base */ = {isa = PBXFileReference; lastKnownFileType = file.storyboard; name = Base; path = Base.lproj/LaunchScreen.storyboard; sourceTree = "<group>"; };
		B32401D526BA19DA00102998 /* Info.plist */ = {isa = PBXFileReference; lastKnownFileType = text.plist.xml; path = Info.plist; sourceTree = "<group>"; };
		B3387C2C27E2508700C6C6F2 /* NetworkError.swift */ = {isa = PBXFileReference; fileEncoding = 4; lastKnownFileType = sourcecode.swift; path = NetworkError.swift; sourceTree = "<group>"; };
		B341297126C2331D000A1ED2 /* Extensions.swift */ = {isa = PBXFileReference; lastKnownFileType = sourcecode.swift; path = Extensions.swift; sourceTree = "<group>"; };
		B35B5FB526BB8FC80067C8DA /* Networking.swift */ = {isa = PBXFileReference; lastKnownFileType = sourcecode.swift; path = Networking.swift; sourceTree = "<group>"; };
		B36C566926BD9EFA00594EED /* SQLiteLocalStorage.swift */ = {isa = PBXFileReference; lastKnownFileType = sourcecode.swift; path = SQLiteLocalStorage.swift; sourceTree = "<group>"; };
		B36C566B26BDA0D100594EED /* Identifiers.swift */ = {isa = PBXFileReference; lastKnownFileType = sourcecode.swift; path = Identifiers.swift; sourceTree = "<group>"; };
		B36C566D26BDC4B800594EED /* MeowMeow.storyboard */ = {isa = PBXFileReference; lastKnownFileType = file.storyboard; path = MeowMeow.storyboard; sourceTree = "<group>"; };
		B36C566F26BDC4C500594EED /* MeowMeowVC.swift */ = {isa = PBXFileReference; lastKnownFileType = sourcecode.swift; path = MeowMeowVC.swift; sourceTree = "<group>"; };
		B3AA50A427E2835600E70731 /* CatDataCell.swift */ = {isa = PBXFileReference; lastKnownFileType = sourcecode.swift; path = CatDataCell.swift; sourceTree = "<group>"; };
		B3AA50A527E2835600E70731 /* CatDataCell.xib */ = {isa = PBXFileReference; lastKnownFileType = file.xib; path = CatDataCell.xib; sourceTree = "<group>"; };
		B3AA50AA27E296A300E70731 /* DependencyErrors.swift */ = {isa = PBXFileReference; lastKnownFileType = sourcecode.swift; path = DependencyErrors.swift; sourceTree = "<group>"; };
		B3AA50AD27E296E200E70731 /* StorageError.swift */ = {isa = PBXFileReference; lastKnownFileType = sourcecode.swift; path = StorageError.swift; sourceTree = "<group>"; };
		B3AA50B327E29FE100E70731 /* UserInformationModel.swift */ = {isa = PBXFileReference; lastKnownFileType = sourcecode.swift; path = UserInformationModel.swift; sourceTree = "<group>"; };
		B3AA50B527E2A91100E70731 /* DetailItem.storyboard */ = {isa = PBXFileReference; fileEncoding = 4; lastKnownFileType = file.storyboard; path = DetailItem.storyboard; sourceTree = "<group>"; };
		B3BA362B26C3868600C6E7C7 /* DetailItemVC.swift */ = {isa = PBXFileReference; lastKnownFileType = sourcecode.swift; path = DetailItemVC.swift; sourceTree = "<group>"; };
		B3C9A18127E1461200DA4EAF /* NetworkResources.swift */ = {isa = PBXFileReference; lastKnownFileType = sourcecode.swift; path = NetworkResources.swift; sourceTree = "<group>"; };
		B3C9A18327E146B600DA4EAF /* Colors.swift */ = {isa = PBXFileReference; lastKnownFileType = sourcecode.swift; path = Colors.swift; sourceTree = "<group>"; };
		B3DE07BF26EFDD2800EAE863 /* DetaiItemVM.swift */ = {isa = PBXFileReference; lastKnownFileType = sourcecode.swift; path = DetaiItemVM.swift; sourceTree = "<group>"; };
		C2C93811C0CAA75646345CEB /* Pods-MeowMeow.debug.xcconfig */ = {isa = PBXFileReference; includeInIndex = 1; lastKnownFileType = text.xcconfig; name = "Pods-MeowMeow.debug.xcconfig"; path = "Target Support Files/Pods-MeowMeow/Pods-MeowMeow.debug.xcconfig"; sourceTree = "<group>"; };
		CA20929AA6358044ECBFA5C1 /* Pods_MeowMeowTests.framework */ = {isa = PBXFileReference; explicitFileType = wrapper.framework; includeInIndex = 0; path = Pods_MeowMeowTests.framework; sourceTree = BUILT_PRODUCTS_DIR; };
/* End PBXFileReference section */

/* Begin PBXFrameworksBuildPhase section */
		B320BD5726F1A2CC00421D2B /* Frameworks */ = {
			isa = PBXFrameworksBuildPhase;
			buildActionMask = 2147483647;
			files = (
				E664A0C5FD54B8EFB328B595 /* Pods_MeowMeowTests.framework in Frameworks */,
			);
			runOnlyForDeploymentPostprocessing = 0;
		};
		B32401C126BA19D800102998 /* Frameworks */ = {
			isa = PBXFrameworksBuildPhase;
			buildActionMask = 2147483647;
			files = (
				B3445952986B70F749C59079 /* Pods_MeowMeow.framework in Frameworks */,
			);
			runOnlyForDeploymentPostprocessing = 0;
		};
/* End PBXFrameworksBuildPhase section */

/* Begin PBXGroup section */
		9A2174E227E681E0008F81E1 /* MeowMeow */ = {
			isa = PBXGroup;
			children = (
				9A62D9EC27E66BC400A83223 /* MeowMeowVM.swift */,
			);
			path = MeowMeow;
			sourceTree = "<group>";
		};
		9A2174E327E681FD008F81E1 /* Home */ = {
			isa = PBXGroup;
			children = (
				9A2174E427E68222008F81E1 /* HomeVM.swift */,
			);
			path = Home;
			sourceTree = "<group>";
		};
		B301BE3626C0CA28009C9F11 /* Cells */ = {
			isa = PBXGroup;
			children = (
				B3AA50A427E2835600E70731 /* CatDataCell.swift */,
			);
			path = Cells;
			sourceTree = "<group>";
		};
		B30E98BC27E39D940021BE80 /* LocalStorage */ = {
			isa = PBXGroup;
			children = (
				B36C566926BD9EFA00594EED /* SQLiteLocalStorage.swift */,
				B30E98BD27E39DAB0021BE80 /* UserDefaultManager.swift */,
			);
			path = LocalStorage;
			sourceTree = "<group>";
		};
		B32401BB26BA19D800102998 = {
			isa = PBXGroup;
			children = (
				B32401C626BA19D800102998 /* MeowMeow */,
				B32401C526BA19D800102998 /* Products */,
				EC5FD4A81F1B7A80DB833773 /* Pods */,
				CF4B358B18EC3278452CC3E1 /* Frameworks */,
			);
			sourceTree = "<group>";
		};
		B32401C526BA19D800102998 /* Products */ = {
			isa = PBXGroup;
			children = (
				B32401C426BA19D800102998 /* MeowMeow.app */,
				B320BD5A26F1A2CC00421D2B /* MeowMeowTests.xctest */,
			);
			name = Products;
			sourceTree = "<group>";
		};
		B32401C626BA19D800102998 /* MeowMeow */ = {
			isa = PBXGroup;
			children = (
				B32401FD26BA454000102998 /* Utils */,
				B32401FC26BA453300102998 /* Controllers */,
				B32401FB26BA448C00102998 /* Resources */,
				B32401FA26BA448200102998 /* View Model */,
				B32401F926BA447E00102998 /* View */,
				B32401F726BA446200102998 /* Model */,
			);
			path = MeowMeow;
			sourceTree = "<group>";
		};
		B32401F726BA446200102998 /* Model */ = {
			isa = PBXGroup;
			children = (
				B3AA50B327E29FE100E70731 /* UserInformationModel.swift */,
				9AFC0CAC27E6678900A841DA /* BreedsModel.swift */,
				9A2174E627E69CEE008F81E1 /* DataModel.swift */,
			);
			path = Model;
			sourceTree = "<group>";
		};
		B32401F926BA447E00102998 /* View */ = {
			isa = PBXGroup;
			children = (
				B32401FE26BA492F00102998 /* Cells */,
				B32401D226BA19DA00102998 /* LaunchScreen.storyboard */,
				B36C566D26BDC4B800594EED /* MeowMeow.storyboard */,
				B3AA50B527E2A91100E70731 /* DetailItem.storyboard */,
				9A81E7B927E655420059EEB8 /* Home.storyboard */,
			);
			path = View;
			sourceTree = "<group>";
		};
		B32401FA26BA448200102998 /* View Model */ = {
			isa = PBXGroup;
			children = (
				9A2174E827E796A1008F81E1 /* RemoteConection.swift */,
				B3DE07BF26EFDD2800EAE863 /* DetaiItemVM.swift */,
				9A2174E327E681FD008F81E1 /* Home */,
				9A2174E227E681E0008F81E1 /* MeowMeow */,
			);
			path = "View Model";
			sourceTree = "<group>";
		};
		B32401FB26BA448C00102998 /* Resources */ = {
			isa = PBXGroup;
			children = (
				B30E98BC27E39D940021BE80 /* LocalStorage */,
				B3AA50AC27E296B100E70731 /* CustomErrors */,
				B3387C2E27E250A300C6C6F2 /* Network */,
				B36C566B26BDA0D100594EED /* Identifiers.swift */,
				B341297126C2331D000A1ED2 /* Extensions.swift */,
				B3C9A18327E146B600DA4EAF /* Colors.swift */,
			);
			path = Resources;
			sourceTree = "<group>";
		};
		B32401FC26BA453300102998 /* Controllers */ = {
			isa = PBXGroup;
			children = (
				9A81E7B527E655230059EEB8 /* HomeVC.swift */,
				B3BA362B26C3868600C6E7C7 /* DetailItemVC.swift */,
				B36C566F26BDC4C500594EED /* MeowMeowVC.swift */,
				B301BE3626C0CA28009C9F11 /* Cells */,
			);
			path = Controllers;
			sourceTree = "<group>";
		};
		B32401FD26BA454000102998 /* Utils */ = {
			isa = PBXGroup;
			children = (
				B32401D026BA19DA00102998 /* Assets.xcassets */,
				B32401C926BA19D800102998 /* SceneDelegate.swift */,
				B32401C726BA19D800102998 /* AppDelegate.swift */,
				B32401D526BA19DA00102998 /* Info.plist */,
			);
			path = Utils;
			sourceTree = "<group>";
		};
		B32401FE26BA492F00102998 /* Cells */ = {
			isa = PBXGroup;
			children = (
				B3AA50A527E2835600E70731 /* CatDataCell.xib */,
			);
			path = Cells;
			sourceTree = "<group>";
		};
		B3387C2E27E250A300C6C6F2 /* Network */ = {
			isa = PBXGroup;
			children = (
				B3C9A18127E1461200DA4EAF /* NetworkResources.swift */,
				B35B5FB526BB8FC80067C8DA /* Networking.swift */,
			);
			path = Network;
			sourceTree = "<group>";
		};
		B3AA50AC27E296B100E70731 /* CustomErrors */ = {
			isa = PBXGroup;
			children = (
				B3AA50AA27E296A300E70731 /* DependencyErrors.swift */,
				B3387C2C27E2508700C6C6F2 /* NetworkError.swift */,
				B3AA50AD27E296E200E70731 /* StorageError.swift */,
			);
			path = CustomErrors;
			sourceTree = "<group>";
		};
		CF4B358B18EC3278452CC3E1 /* Frameworks */ = {
			isa = PBXGroup;
			children = (
				72CE4498139C45CBE13B0527 /* Pods_MeowMeow.framework */,
				CA20929AA6358044ECBFA5C1 /* Pods_MeowMeowTests.framework */,
			);
			name = Frameworks;
			sourceTree = "<group>";
		};
		EC5FD4A81F1B7A80DB833773 /* Pods */ = {
			isa = PBXGroup;
			children = (
				C2C93811C0CAA75646345CEB /* Pods-MeowMeow.debug.xcconfig */,
				A610132C8CC4CB8207D74987 /* Pods-MeowMeow.release.xcconfig */,
				785CDAC149232E46A28ABA86 /* Pods-MeowMeowTests.debug.xcconfig */,
				11E76126F392D82B530E77C8 /* Pods-MeowMeowTests.release.xcconfig */,
			);
			path = Pods;
			sourceTree = "<group>";
		};
/* End PBXGroup section */

/* Begin PBXNativeTarget section */
		B320BD5926F1A2CC00421D2B /* MeowMeowTests */ = {
			isa = PBXNativeTarget;
			buildConfigurationList = B320BD6126F1A2CC00421D2B /* Build configuration list for PBXNativeTarget "MeowMeowTests" */;
			buildPhases = (
				8B25088164E63B044A8DD612 /* [CP] Check Pods Manifest.lock */,
				B320BD5626F1A2CC00421D2B /* Sources */,
				B320BD5726F1A2CC00421D2B /* Frameworks */,
				B320BD5826F1A2CC00421D2B /* Resources */,
			);
			buildRules = (
			);
			dependencies = (
				B320BD6026F1A2CC00421D2B /* PBXTargetDependency */,
			);
			name = MeowMeowTests;
			productName = MeowMeowTests;
			productReference = B320BD5A26F1A2CC00421D2B /* MeowMeowTests.xctest */;
			productType = "com.apple.product-type.bundle.unit-test";
		};
		B32401C326BA19D800102998 /* MeowMeow */ = {
			isa = PBXNativeTarget;
			buildConfigurationList = B32401EE26BA19DA00102998 /* Build configuration list for PBXNativeTarget "MeowMeow" */;
			buildPhases = (
				74612F1F0145F737B0DEC1F4 /* [CP] Check Pods Manifest.lock */,
				B32401C026BA19D800102998 /* Sources */,
				B32401C126BA19D800102998 /* Frameworks */,
				B32401C226BA19D800102998 /* Resources */,
				3A1E33831F8BDC06C7E49319 /* [CP] Embed Pods Frameworks */,
			);
			buildRules = (
			);
			dependencies = (
			);
			name = MeowMeow;
			productName = iBuy;
			productReference = B32401C426BA19D800102998 /* MeowMeow.app */;
			productType = "com.apple.product-type.application";
		};
/* End PBXNativeTarget section */

/* Begin PBXProject section */
		B32401BC26BA19D800102998 /* Project object */ = {
			isa = PBXProject;
			attributes = {
				LastSwiftUpdateCheck = 1250;
				LastUpgradeCheck = 1250;
				TargetAttributes = {
					B320BD5926F1A2CC00421D2B = {
						CreatedOnToolsVersion = 12.5.1;
						TestTargetID = B32401C326BA19D800102998;
					};
					B32401C326BA19D800102998 = {
						CreatedOnToolsVersion = 12.5.1;
					};
				};
			};
			buildConfigurationList = B32401BF26BA19D800102998 /* Build configuration list for PBXProject "MeowMeow" */;
			compatibilityVersion = "Xcode 9.3";
			developmentRegion = en;
			hasScannedForEncodings = 0;
			knownRegions = (
				en,
				Base,
			);
			mainGroup = B32401BB26BA19D800102998;
			productRefGroup = B32401C526BA19D800102998 /* Products */;
			projectDirPath = "";
			projectRoot = "";
			targets = (
				B32401C326BA19D800102998 /* MeowMeow */,
				B320BD5926F1A2CC00421D2B /* MeowMeowTests */,
			);
		};
/* End PBXProject section */

/* Begin PBXResourcesBuildPhase section */
		B320BD5826F1A2CC00421D2B /* Resources */ = {
			isa = PBXResourcesBuildPhase;
			buildActionMask = 2147483647;
			files = (
			);
			runOnlyForDeploymentPostprocessing = 0;
		};
		B32401C226BA19D800102998 /* Resources */ = {
			isa = PBXResourcesBuildPhase;
			buildActionMask = 2147483647;
			files = (
				9A81E7BA27E655420059EEB8 /* Home.storyboard in Resources */,
				B32401D426BA19DA00102998 /* LaunchScreen.storyboard in Resources */,
				B32401D126BA19DA00102998 /* Assets.xcassets in Resources */,
				B36C566E26BDC4B800594EED /* MeowMeow.storyboard in Resources */,
				B3AA50A727E2835600E70731 /* CatDataCell.xib in Resources */,
				B3AA50B627E2A91100E70731 /* DetailItem.storyboard in Resources */,
			);
			runOnlyForDeploymentPostprocessing = 0;
		};
/* End PBXResourcesBuildPhase section */

/* Begin PBXShellScriptBuildPhase section */
		3A1E33831F8BDC06C7E49319 /* [CP] Embed Pods Frameworks */ = {
			isa = PBXShellScriptBuildPhase;
			buildActionMask = 2147483647;
			files = (
			);
			inputFileListPaths = (
				"${PODS_ROOT}/Target Support Files/Pods-MeowMeow/Pods-MeowMeow-frameworks-${CONFIGURATION}-input-files.xcfilelist",
			);
			name = "[CP] Embed Pods Frameworks";
			outputFileListPaths = (
				"${PODS_ROOT}/Target Support Files/Pods-MeowMeow/Pods-MeowMeow-frameworks-${CONFIGURATION}-output-files.xcfilelist",
			);
			runOnlyForDeploymentPostprocessing = 0;
			shellPath = /bin/sh;
			shellScript = "\"${PODS_ROOT}/Target Support Files/Pods-MeowMeow/Pods-MeowMeow-frameworks.sh\"\n";
			showEnvVarsInLog = 0;
		};
		74612F1F0145F737B0DEC1F4 /* [CP] Check Pods Manifest.lock */ = {
			isa = PBXShellScriptBuildPhase;
			buildActionMask = 2147483647;
			files = (
			);
			inputFileListPaths = (
			);
			inputPaths = (
				"${PODS_PODFILE_DIR_PATH}/Podfile.lock",
				"${PODS_ROOT}/Manifest.lock",
			);
			name = "[CP] Check Pods Manifest.lock";
			outputFileListPaths = (
			);
			outputPaths = (
				"$(DERIVED_FILE_DIR)/Pods-MeowMeow-checkManifestLockResult.txt",
			);
			runOnlyForDeploymentPostprocessing = 0;
			shellPath = /bin/sh;
			shellScript = "diff \"${PODS_PODFILE_DIR_PATH}/Podfile.lock\" \"${PODS_ROOT}/Manifest.lock\" > /dev/null\nif [ $? != 0 ] ; then\n    # print error to STDERR\n    echo \"error: The sandbox is not in sync with the Podfile.lock. Run 'pod install' or update your CocoaPods installation.\" >&2\n    exit 1\nfi\n# This output is used by Xcode 'outputs' to avoid re-running this script phase.\necho \"SUCCESS\" > \"${SCRIPT_OUTPUT_FILE_0}\"\n";
			showEnvVarsInLog = 0;
		};
		8B25088164E63B044A8DD612 /* [CP] Check Pods Manifest.lock */ = {
			isa = PBXShellScriptBuildPhase;
			buildActionMask = 2147483647;
			files = (
			);
			inputFileListPaths = (
			);
			inputPaths = (
				"${PODS_PODFILE_DIR_PATH}/Podfile.lock",
				"${PODS_ROOT}/Manifest.lock",
			);
			name = "[CP] Check Pods Manifest.lock";
			outputFileListPaths = (
			);
			outputPaths = (
				"$(DERIVED_FILE_DIR)/Pods-MeowMeowTests-checkManifestLockResult.txt",
			);
			runOnlyForDeploymentPostprocessing = 0;
			shellPath = /bin/sh;
			shellScript = "diff \"${PODS_PODFILE_DIR_PATH}/Podfile.lock\" \"${PODS_ROOT}/Manifest.lock\" > /dev/null\nif [ $? != 0 ] ; then\n    # print error to STDERR\n    echo \"error: The sandbox is not in sync with the Podfile.lock. Run 'pod install' or update your CocoaPods installation.\" >&2\n    exit 1\nfi\n# This output is used by Xcode 'outputs' to avoid re-running this script phase.\necho \"SUCCESS\" > \"${SCRIPT_OUTPUT_FILE_0}\"\n";
			showEnvVarsInLog = 0;
		};
/* End PBXShellScriptBuildPhase section */

/* Begin PBXSourcesBuildPhase section */
		B320BD5626F1A2CC00421D2B /* Sources */ = {
			isa = PBXSourcesBuildPhase;
			buildActionMask = 2147483647;
			files = (
			);
			runOnlyForDeploymentPostprocessing = 0;
		};
		B32401C026BA19D800102998 /* Sources */ = {
			isa = PBXSourcesBuildPhase;
			buildActionMask = 2147483647;
			files = (
				B36C566A26BD9EFA00594EED /* SQLiteLocalStorage.swift in Sources */,
				B3AA50AB27E296A300E70731 /* DependencyErrors.swift in Sources */,
				B3BA362D26C3868600C6E7C7 /* DetailItemVC.swift in Sources */,
				9A2174E527E68222008F81E1 /* HomeVM.swift in Sources */,
				9A2174E927E796A1008F81E1 /* RemoteConection.swift in Sources */,
				B36C567026BDC4C500594EED /* MeowMeowVC.swift in Sources */,
				9A2174E727E69CEE008F81E1 /* DataModel.swift in Sources */,
				9A62D9ED27E66BC400A83223 /* MeowMeowVM.swift in Sources */,
				B30E98BE27E39DAB0021BE80 /* UserDefaultManager.swift in Sources */,
				B32401C826BA19D800102998 /* AppDelegate.swift in Sources */,
				B32401CA26BA19D800102998 /* SceneDelegate.swift in Sources */,
				B3C9A18427E146B600DA4EAF /* Colors.swift in Sources */,
				B3AA50AE27E296E200E70731 /* StorageError.swift in Sources */,
				9AFC0CAD27E6678900A841DA /* BreedsModel.swift in Sources */,
				B3DE07C026EFDD2800EAE863 /* DetaiItemVM.swift in Sources */,
				B3AA50A627E2835600E70731 /* CatDataCell.swift in Sources */,
				9A81E7B727E655230059EEB8 /* HomeVC.swift in Sources */,
				B341297226C2331D000A1ED2 /* Extensions.swift in Sources */,
				B3C9A18227E1461200DA4EAF /* NetworkResources.swift in Sources */,
				B35B5FB626BB8FC80067C8DA /* Networking.swift in Sources */,
				B36C566C26BDA0D100594EED /* Identifiers.swift in Sources */,
				B3AA50B427E29FE100E70731 /* UserInformationModel.swift in Sources */,
				B3387C2D27E2508700C6C6F2 /* NetworkError.swift in Sources */,
			);
			runOnlyForDeploymentPostprocessing = 0;
		};
/* End PBXSourcesBuildPhase section */

/* Begin PBXTargetDependency section */
		B320BD6026F1A2CC00421D2B /* PBXTargetDependency */ = {
			isa = PBXTargetDependency;
			target = B32401C326BA19D800102998 /* MeowMeow */;
			targetProxy = B320BD5F26F1A2CC00421D2B /* PBXContainerItemProxy */;
		};
/* End PBXTargetDependency section */

/* Begin PBXVariantGroup section */
		B32401D226BA19DA00102998 /* LaunchScreen.storyboard */ = {
			isa = PBXVariantGroup;
			children = (
				B32401D326BA19DA00102998 /* Base */,
			);
			name = LaunchScreen.storyboard;
			sourceTree = "<group>";
		};
/* End PBXVariantGroup section */

/* Begin XCBuildConfiguration section */
		B320BD6226F1A2CC00421D2B /* Debug */ = {
			isa = XCBuildConfiguration;
			baseConfigurationReference = 785CDAC149232E46A28ABA86 /* Pods-MeowMeowTests.debug.xcconfig */;
			buildSettings = {
				BUNDLE_LOADER = "$(TEST_HOST)";
				CODE_SIGN_STYLE = Automatic;
				DEVELOPMENT_TEAM = 55A9S3T6KC;
				INFOPLIST_FILE = MeowMeowTests/Info.plist;
				LD_RUNPATH_SEARCH_PATHS = (
					"$(inherited)",
					"@executable_path/Frameworks",
					"@loader_path/Frameworks",
				);
				PRODUCT_BUNDLE_IDENTIFIER = com.pokeapi.MeowMeowTests;
				PRODUCT_NAME = "$(TARGET_NAME)";
				SWIFT_VERSION = 5.0;
				TARGETED_DEVICE_FAMILY = "1,2";
				TEST_HOST = "$(BUILT_PRODUCTS_DIR)/MeowMeow.app/MeowMeow";
			};
			name = Debug;
		};
		B320BD6326F1A2CC00421D2B /* Release */ = {
			isa = XCBuildConfiguration;
			baseConfigurationReference = 11E76126F392D82B530E77C8 /* Pods-MeowMeowTests.release.xcconfig */;
			buildSettings = {
				BUNDLE_LOADER = "$(TEST_HOST)";
				CODE_SIGN_STYLE = Automatic;
				DEVELOPMENT_TEAM = 55A9S3T6KC;
				INFOPLIST_FILE = MeowMeowTests/Info.plist;
				LD_RUNPATH_SEARCH_PATHS = (
					"$(inherited)",
					"@executable_path/Frameworks",
					"@loader_path/Frameworks",
				);
				PRODUCT_BUNDLE_IDENTIFIER = com.pokeapi.MeowMeowTests;
				PRODUCT_NAME = "$(TARGET_NAME)";
				SWIFT_VERSION = 5.0;
				TARGETED_DEVICE_FAMILY = "1,2";
				TEST_HOST = "$(BUILT_PRODUCTS_DIR)/MeowMeow.app/MeowMeow";
			};
			name = Release;
		};
		B32401EC26BA19DA00102998 /* Debug */ = {
			isa = XCBuildConfiguration;
			buildSettings = {
				ALWAYS_SEARCH_USER_PATHS = NO;
				CLANG_ANALYZER_NONNULL = YES;
				CLANG_ANALYZER_NUMBER_OBJECT_CONVERSION = YES_AGGRESSIVE;
				CLANG_CXX_LANGUAGE_STANDARD = "gnu++14";
				CLANG_CXX_LIBRARY = "libc++";
				CLANG_ENABLE_MODULES = YES;
				CLANG_ENABLE_OBJC_ARC = YES;
				CLANG_ENABLE_OBJC_WEAK = YES;
				CLANG_WARN_BLOCK_CAPTURE_AUTORELEASING = YES;
				CLANG_WARN_BOOL_CONVERSION = YES;
				CLANG_WARN_COMMA = YES;
				CLANG_WARN_CONSTANT_CONVERSION = YES;
				CLANG_WARN_DEPRECATED_OBJC_IMPLEMENTATIONS = YES;
				CLANG_WARN_DIRECT_OBJC_ISA_USAGE = YES_ERROR;
				CLANG_WARN_DOCUMENTATION_COMMENTS = YES;
				CLANG_WARN_EMPTY_BODY = YES;
				CLANG_WARN_ENUM_CONVERSION = YES;
				CLANG_WARN_INFINITE_RECURSION = YES;
				CLANG_WARN_INT_CONVERSION = YES;
				CLANG_WARN_NON_LITERAL_NULL_CONVERSION = YES;
				CLANG_WARN_OBJC_IMPLICIT_RETAIN_SELF = YES;
				CLANG_WARN_OBJC_LITERAL_CONVERSION = YES;
				CLANG_WARN_OBJC_ROOT_CLASS = YES_ERROR;
				CLANG_WARN_QUOTED_INCLUDE_IN_FRAMEWORK_HEADER = YES;
				CLANG_WARN_RANGE_LOOP_ANALYSIS = YES;
				CLANG_WARN_STRICT_PROTOTYPES = YES;
				CLANG_WARN_SUSPICIOUS_MOVE = YES;
				CLANG_WARN_UNGUARDED_AVAILABILITY = YES_AGGRESSIVE;
				CLANG_WARN_UNREACHABLE_CODE = YES;
				CLANG_WARN__DUPLICATE_METHOD_MATCH = YES;
				COPY_PHASE_STRIP = NO;
				DEBUG_INFORMATION_FORMAT = dwarf;
				ENABLE_STRICT_OBJC_MSGSEND = YES;
				ENABLE_TESTABILITY = YES;
				GCC_C_LANGUAGE_STANDARD = gnu11;
				GCC_DYNAMIC_NO_PIC = NO;
				GCC_NO_COMMON_BLOCKS = YES;
				GCC_OPTIMIZATION_LEVEL = 0;
				GCC_PREPROCESSOR_DEFINITIONS = (
					"DEBUG=1",
					"$(inherited)",
				);
				GCC_WARN_64_TO_32_BIT_CONVERSION = YES;
				GCC_WARN_ABOUT_RETURN_TYPE = YES_ERROR;
				GCC_WARN_UNDECLARED_SELECTOR = YES;
				GCC_WARN_UNINITIALIZED_AUTOS = YES_AGGRESSIVE;
				GCC_WARN_UNUSED_FUNCTION = YES;
				GCC_WARN_UNUSED_VARIABLE = YES;
				IPHONEOS_DEPLOYMENT_TARGET = 14.0;
				MTL_ENABLE_DEBUG_INFO = INCLUDE_SOURCE;
				MTL_FAST_MATH = YES;
				ONLY_ACTIVE_ARCH = YES;
				SDKROOT = iphoneos;
				SWIFT_ACTIVE_COMPILATION_CONDITIONS = DEBUG;
				SWIFT_OPTIMIZATION_LEVEL = "-Onone";
			};
			name = Debug;
		};
		B32401ED26BA19DA00102998 /* Release */ = {
			isa = XCBuildConfiguration;
			buildSettings = {
				ALWAYS_SEARCH_USER_PATHS = NO;
				CLANG_ANALYZER_NONNULL = YES;
				CLANG_ANALYZER_NUMBER_OBJECT_CONVERSION = YES_AGGRESSIVE;
				CLANG_CXX_LANGUAGE_STANDARD = "gnu++14";
				CLANG_CXX_LIBRARY = "libc++";
				CLANG_ENABLE_MODULES = YES;
				CLANG_ENABLE_OBJC_ARC = YES;
				CLANG_ENABLE_OBJC_WEAK = YES;
				CLANG_WARN_BLOCK_CAPTURE_AUTORELEASING = YES;
				CLANG_WARN_BOOL_CONVERSION = YES;
				CLANG_WARN_COMMA = YES;
				CLANG_WARN_CONSTANT_CONVERSION = YES;
				CLANG_WARN_DEPRECATED_OBJC_IMPLEMENTATIONS = YES;
				CLANG_WARN_DIRECT_OBJC_ISA_USAGE = YES_ERROR;
				CLANG_WARN_DOCUMENTATION_COMMENTS = YES;
				CLANG_WARN_EMPTY_BODY = YES;
				CLANG_WARN_ENUM_CONVERSION = YES;
				CLANG_WARN_INFINITE_RECURSION = YES;
				CLANG_WARN_INT_CONVERSION = YES;
				CLANG_WARN_NON_LITERAL_NULL_CONVERSION = YES;
				CLANG_WARN_OBJC_IMPLICIT_RETAIN_SELF = YES;
				CLANG_WARN_OBJC_LITERAL_CONVERSION = YES;
				CLANG_WARN_OBJC_ROOT_CLASS = YES_ERROR;
				CLANG_WARN_QUOTED_INCLUDE_IN_FRAMEWORK_HEADER = YES;
				CLANG_WARN_RANGE_LOOP_ANALYSIS = YES;
				CLANG_WARN_STRICT_PROTOTYPES = YES;
				CLANG_WARN_SUSPICIOUS_MOVE = YES;
				CLANG_WARN_UNGUARDED_AVAILABILITY = YES_AGGRESSIVE;
				CLANG_WARN_UNREACHABLE_CODE = YES;
				CLANG_WARN__DUPLICATE_METHOD_MATCH = YES;
				COPY_PHASE_STRIP = NO;
				DEBUG_INFORMATION_FORMAT = "dwarf-with-dsym";
				ENABLE_NS_ASSERTIONS = NO;
				ENABLE_STRICT_OBJC_MSGSEND = YES;
				GCC_C_LANGUAGE_STANDARD = gnu11;
				GCC_NO_COMMON_BLOCKS = YES;
				GCC_WARN_64_TO_32_BIT_CONVERSION = YES;
				GCC_WARN_ABOUT_RETURN_TYPE = YES_ERROR;
				GCC_WARN_UNDECLARED_SELECTOR = YES;
				GCC_WARN_UNINITIALIZED_AUTOS = YES_AGGRESSIVE;
				GCC_WARN_UNUSED_FUNCTION = YES;
				GCC_WARN_UNUSED_VARIABLE = YES;
				IPHONEOS_DEPLOYMENT_TARGET = 14.0;
				MTL_ENABLE_DEBUG_INFO = NO;
				MTL_FAST_MATH = YES;
				SDKROOT = iphoneos;
				SWIFT_COMPILATION_MODE = wholemodule;
				SWIFT_OPTIMIZATION_LEVEL = "-O";
				VALIDATE_PRODUCT = YES;
			};
			name = Release;
		};
		B32401EF26BA19DA00102998 /* Debug */ = {
			isa = XCBuildConfiguration;
			baseConfigurationReference = C2C93811C0CAA75646345CEB /* Pods-MeowMeow.debug.xcconfig */;
			buildSettings = {
				ASSETCATALOG_COMPILER_APPICON_NAME = AppIcon;
				ASSETCATALOG_COMPILER_GLOBAL_ACCENT_COLOR_NAME = AccentColor;
				CODE_SIGN_STYLE = Automatic;
				DEVELOPMENT_TEAM = 9CCBV67PDZ;
				INFOPLIST_FILE = MeowMeow/Utils/Info.plist;
				IPHONEOS_DEPLOYMENT_TARGET = 13.0;
				LD_RUNPATH_SEARCH_PATHS = (
					"$(inherited)",
					"@executable_path/Frameworks",
				);
				PRODUCT_BUNDLE_IDENTIFIER = com.camilo.MeowMeow;
				PRODUCT_NAME = "$(TARGET_NAME)";
				SWIFT_VERSION = 5.0;
				TARGETED_DEVICE_FAMILY = "1,2";
			};
			name = Debug;
		};
		B32401F026BA19DA00102998 /* Release */ = {
			isa = XCBuildConfiguration;
			baseConfigurationReference = A610132C8CC4CB8207D74987 /* Pods-MeowMeow.release.xcconfig */;
			buildSettings = {
				ASSETCATALOG_COMPILER_APPICON_NAME = AppIcon;
				ASSETCATALOG_COMPILER_GLOBAL_ACCENT_COLOR_NAME = AccentColor;
				CODE_SIGN_STYLE = Automatic;
				DEVELOPMENT_TEAM = 9CCBV67PDZ;
				INFOPLIST_FILE = MeowMeow/Utils/Info.plist;
				IPHONEOS_DEPLOYMENT_TARGET = 13.0;
				LD_RUNPATH_SEARCH_PATHS = (
					"$(inherited)",
					"@executable_path/Frameworks",
				);
				PRODUCT_BUNDLE_IDENTIFIER = com.camilo.MeowMeow;
				PRODUCT_NAME = "$(TARGET_NAME)";
				SWIFT_VERSION = 5.0;
				TARGETED_DEVICE_FAMILY = "1,2";
			};
			name = Release;
		};
/* End XCBuildConfiguration section */

/* Begin XCConfigurationList section */
		B320BD6126F1A2CC00421D2B /* Build configuration list for PBXNativeTarget "MeowMeowTests" */ = {
			isa = XCConfigurationList;
			buildConfigurations = (
				B320BD6226F1A2CC00421D2B /* Debug */,
				B320BD6326F1A2CC00421D2B /* Release */,
			);
			defaultConfigurationIsVisible = 0;
			defaultConfigurationName = Release;
		};
		B32401BF26BA19D800102998 /* Build configuration list for PBXProject "MeowMeow" */ = {
			isa = XCConfigurationList;
			buildConfigurations = (
				B32401EC26BA19DA00102998 /* Debug */,
				B32401ED26BA19DA00102998 /* Release */,
			);
			defaultConfigurationIsVisible = 0;
			defaultConfigurationName = Release;
		};
		B32401EE26BA19DA00102998 /* Build configuration list for PBXNativeTarget "MeowMeow" */ = {
			isa = XCConfigurationList;
			buildConfigurations = (
				B32401EF26BA19DA00102998 /* Debug */,
				B32401F026BA19DA00102998 /* Release */,
			);
			defaultConfigurationIsVisible = 0;
			defaultConfigurationName = Release;
		};
/* End XCConfigurationList section */
	};
	rootObject = B32401BC26BA19D800102998 /* Project object */;
}
